
Microsoft Visual Studio Solution File, Format Version 12.00
# Visual Studio Version 17
VisualStudioVersion = 17.7.34031.279
MinimumVisualStudioVersion = 10.0.40219.1
Project("{FAE04EC0-301F-11D3-BF4B-00C04F79EFBC}") = "TodoListApp", "TodoListApp\TodoListApp.csproj", "{09F2A74F-46EB-497D-83FE-752677D4029F}"
EndProject
Global
	GlobalSection(SolutionConfigurationPlatforms) = preSolution
		Debug|Any CPU = Debug|Any CPU
		Release|Any CPU = Release|Any CPU
	EndGlobalSection
	GlobalSection(ProjectConfigurationPlatforms) = postSolution
		{09F2A74F-46EB-497D-83FE-752677D4029F}.Debug|Any CPU.ActiveCfg = Debug|Any CPU
		{09F2A74F-46EB-497D-83FE-752677D4029F}.Debug|Any CPU.Build.0 = Debug|Any CPU
		{09F2A74F-46EB-497D-83FE-752677D4029F}.Debug|Any CPU.Deploy.0 = Debug|Any CPU
		{09F2A74F-46EB-497D-83FE-752677D4029F}.Release|Any CPU.ActiveCfg = Release|Any CPU
		{09F2A74F-46EB-497D-83FE-752677D4029F}.Release|Any CPU.Build.0 = Release|Any CPU
		{09F2A74F-46EB-497D-83FE-752677D4029F}.Release|Any CPU.Deploy.0 = Release|Any CPU
	EndGlobalSection
	GlobalSection(SolutionProperties) = preSolution
		HideSolutionNode = FALSE
	EndGlobalSection
	GlobalSection(ExtensibilityGlobals) = postSolution
		SolutionGuid = {882F0A8A-D658-49F5-A221-528455C9EAC1}
	EndGlobalSection
EndGlobal
