
Microsoft Visual Studio Solution File, Format Version 12.00
# Visual Studio Version 17
VisualStudioVersion = 17.7.34031.279
MinimumVisualStudioVersion = 10.0.40219.1
Project("{FAE04EC0-301F-11D3-BF4B-00C04F79EFBC}") = "01_Assignment_Example", "01_Assignment_Example\01_Assignment_Example.csproj", "{54BC1EFA-724C-4A6C-9A89-7BD5DB0E4278}"
EndProject
Project("{FAE04EC0-301F-11D3-BF4B-00C04F79EFBC}") = "02_AsyncAwait", "02_AsyncAwait\02_AsyncAwait.csproj", "{9D13A5AA-7401-43D6-A612-A4350699BEAF}"
EndProject
Global
	GlobalSection(SolutionConfigurationPlatforms) = preSolution
		Debug|Any CPU = Debug|Any CPU
		Release|Any CPU = Release|Any CPU
	EndGlobalSection
	GlobalSection(ProjectConfigurationPlatforms) = postSolution
		{54BC1EFA-724C-4A6C-9A89-7BD5DB0E4278}.Debug|Any CPU.ActiveCfg = Debug|Any CPU
		{54BC1EFA-724C-4A6C-9A89-7BD5DB0E4278}.Debug|Any CPU.Build.0 = Debug|Any CPU
		{54BC1EFA-724C-4A6C-9A89-7BD5DB0E4278}.Release|Any CPU.ActiveCfg = Release|Any CPU
		{54BC1EFA-724C-4A6C-9A89-7BD5DB0E4278}.Release|Any CPU.Build.0 = Release|Any CPU
		{9D13A5AA-7401-43D6-A612-A4350699BEAF}.Debug|Any CPU.ActiveCfg = Debug|Any CPU
		{9D13A5AA-7401-43D6-A612-A4350699BEAF}.Debug|Any CPU.Build.0 = Debug|Any CPU
		{9D13A5AA-7401-43D6-A612-A4350699BEAF}.Release|Any CPU.ActiveCfg = Release|Any CPU
		{9D13A5AA-7401-43D6-A612-A4350699BEAF}.Release|Any CPU.Build.0 = Release|Any CPU
	EndGlobalSection
	GlobalSection(SolutionProperties) = preSolution
		HideSolutionNode = FALSE
	EndGlobalSection
	GlobalSection(ExtensibilityGlobals) = postSolution
		SolutionGuid = {C3901ADC-6395-4870-A098-9F3E66A59E6C}
	EndGlobalSection
EndGlobal
