
Microsoft Visual Studio Solution File, Format Version 12.00
# Visual Studio Version 17
VisualStudioVersion = 17.7.34031.279
MinimumVisualStudioVersion = 10.0.40219.1
Project("{9A19103F-16F7-4668-BE54-9A1E7A4F7556}") = "WinFormsApp", "WinFormsApp\WinFormsApp.csproj", "{376B3FC6-0BFB-4A5F-A0D8-F0106D486C8D}"
EndProject
Project("{FAE04EC0-301F-11D3-BF4B-00C04F79EFBC}") = "WpfApp", "WpfApp\WpfApp.csproj", "{CABF3FEE-3CB5-4521-9932-5796138E9676}"
EndProject
Project("{FAE04EC0-301F-11D3-BF4B-00C04F79EFBC}") = "UwpApp", "UwpApp\UwpApp.csproj", "{B9A2DEF9-25E0-4DAC-8A15-9D72B151D2B6}"
EndProject
Project("{FAE04EC0-301F-11D3-BF4B-00C04F79EFBC}") = "MauiApp1", "MauiApp1\MauiApp1.csproj", "{DA2325A3-A46D-40EF-B92F-E78B3B31CF39}"
EndProject
Global
	GlobalSection(SolutionConfigurationPlatforms) = preSolution
		Debug|Any CPU = Debug|Any CPU
		Debug|ARM = Debug|ARM
		Debug|ARM64 = Debug|ARM64
		Debug|x64 = Debug|x64
		Debug|x86 = Debug|x86
		Release|Any CPU = Release|Any CPU
		Release|ARM = Release|ARM
		Release|ARM64 = Release|ARM64
		Release|x64 = Release|x64
		Release|x86 = Release|x86
	EndGlobalSection
	GlobalSection(ProjectConfigurationPlatforms) = postSolution
		{376B3FC6-0BFB-4A5F-A0D8-F0106D486C8D}.Debug|Any CPU.ActiveCfg = Debug|Any CPU
		{376B3FC6-0BFB-4A5F-A0D8-F0106D486C8D}.Debug|Any CPU.Build.0 = Debug|Any CPU
		{376B3FC6-0BFB-4A5F-A0D8-F0106D486C8D}.Debug|ARM.ActiveCfg = Debug|Any CPU
		{376B3FC6-0BFB-4A5F-A0D8-F0106D486C8D}.Debug|ARM.Build.0 = Debug|Any CPU
		{376B3FC6-0BFB-4A5F-A0D8-F0106D486C8D}.Debug|ARM64.ActiveCfg = Debug|Any CPU
		{376B3FC6-0BFB-4A5F-A0D8-F0106D486C8D}.Debug|ARM64.Build.0 = Debug|Any CPU
		{376B3FC6-0BFB-4A5F-A0D8-F0106D486C8D}.Debug|x64.ActiveCfg = Debug|Any CPU
		{376B3FC6-0BFB-4A5F-A0D8-F0106D486C8D}.Debug|x64.Build.0 = Debug|Any CPU
		{376B3FC6-0BFB-4A5F-A0D8-F0106D486C8D}.Debug|x86.ActiveCfg = Debug|Any CPU
		{376B3FC6-0BFB-4A5F-A0D8-F0106D486C8D}.Debug|x86.Build.0 = Debug|Any CPU
		{376B3FC6-0BFB-4A5F-A0D8-F0106D486C8D}.Release|Any CPU.ActiveCfg = Release|Any CPU
		{376B3FC6-0BFB-4A5F-A0D8-F0106D486C8D}.Release|Any CPU.Build.0 = Release|Any CPU
		{376B3FC6-0BFB-4A5F-A0D8-F0106D486C8D}.Release|ARM.ActiveCfg = Release|Any CPU
		{376B3FC6-0BFB-4A5F-A0D8-F0106D486C8D}.Release|ARM.Build.0 = Release|Any CPU
		{376B3FC6-0BFB-4A5F-A0D8-F0106D486C8D}.Release|ARM64.ActiveCfg = Release|Any CPU
		{376B3FC6-0BFB-4A5F-A0D8-F0106D486C8D}.Release|ARM64.Build.0 = Release|Any CPU
		{376B3FC6-0BFB-4A5F-A0D8-F0106D486C8D}.Release|x64.ActiveCfg = Release|Any CPU
		{376B3FC6-0BFB-4A5F-A0D8-F0106D486C8D}.Release|x64.Build.0 = Release|Any CPU
		{376B3FC6-0BFB-4A5F-A0D8-F0106D486C8D}.Release|x86.ActiveCfg = Release|Any CPU
		{376B3FC6-0BFB-4A5F-A0D8-F0106D486C8D}.Release|x86.Build.0 = Release|Any CPU
		{CABF3FEE-3CB5-4521-9932-5796138E9676}.Debug|Any CPU.ActiveCfg = Debug|Any CPU
		{CABF3FEE-3CB5-4521-9932-5796138E9676}.Debug|Any CPU.Build.0 = Debug|Any CPU
		{CABF3FEE-3CB5-4521-9932-5796138E9676}.Debug|ARM.ActiveCfg = Debug|Any CPU
		{CABF3FEE-3CB5-4521-9932-5796138E9676}.Debug|ARM.Build.0 = Debug|Any CPU
		{CABF3FEE-3CB5-4521-9932-5796138E9676}.Debug|ARM64.ActiveCfg = Debug|Any CPU
		{CABF3FEE-3CB5-4521-9932-5796138E9676}.Debug|ARM64.Build.0 = Debug|Any CPU
		{CABF3FEE-3CB5-4521-9932-5796138E9676}.Debug|x64.ActiveCfg = Debug|Any CPU
		{CABF3FEE-3CB5-4521-9932-5796138E9676}.Debug|x64.Build.0 = Debug|Any CPU
		{CABF3FEE-3CB5-4521-9932-5796138E9676}.Debug|x86.ActiveCfg = Debug|Any CPU
		{CABF3FEE-3CB5-4521-9932-5796138E9676}.Debug|x86.Build.0 = Debug|Any CPU
		{CABF3FEE-3CB5-4521-9932-5796138E9676}.Release|Any CPU.ActiveCfg = Release|Any CPU
		{CABF3FEE-3CB5-4521-9932-5796138E9676}.Release|Any CPU.Build.0 = Release|Any CPU
		{CABF3FEE-3CB5-4521-9932-5796138E9676}.Release|ARM.ActiveCfg = Release|Any CPU
		{CABF3FEE-3CB5-4521-9932-5796138E9676}.Release|ARM.Build.0 = Release|Any CPU
		{CABF3FEE-3CB5-4521-9932-5796138E9676}.Release|ARM64.ActiveCfg = Release|Any CPU
		{CABF3FEE-3CB5-4521-9932-5796138E9676}.Release|ARM64.Build.0 = Release|Any CPU
		{CABF3FEE-3CB5-4521-9932-5796138E9676}.Release|x64.ActiveCfg = Release|Any CPU
		{CABF3FEE-3CB5-4521-9932-5796138E9676}.Release|x64.Build.0 = Release|Any CPU
		{CABF3FEE-3CB5-4521-9932-5796138E9676}.Release|x86.ActiveCfg = Release|Any CPU
		{CABF3FEE-3CB5-4521-9932-5796138E9676}.Release|x86.Build.0 = Release|Any CPU
		{B9A2DEF9-25E0-4DAC-8A15-9D72B151D2B6}.Debug|Any CPU.ActiveCfg = Debug|x64
		{B9A2DEF9-25E0-4DAC-8A15-9D72B151D2B6}.Debug|Any CPU.Build.0 = Debug|x64
		{B9A2DEF9-25E0-4DAC-8A15-9D72B151D2B6}.Debug|Any CPU.Deploy.0 = Debug|x64
		{B9A2DEF9-25E0-4DAC-8A15-9D72B151D2B6}.Debug|ARM.ActiveCfg = Debug|ARM
		{B9A2DEF9-25E0-4DAC-8A15-9D72B151D2B6}.Debug|ARM.Build.0 = Debug|ARM
		{B9A2DEF9-25E0-4DAC-8A15-9D72B151D2B6}.Debug|ARM.Deploy.0 = Debug|ARM
		{B9A2DEF9-25E0-4DAC-8A15-9D72B151D2B6}.Debug|ARM64.ActiveCfg = Debug|ARM64
		{B9A2DEF9-25E0-4DAC-8A15-9D72B151D2B6}.Debug|ARM64.Build.0 = Debug|ARM64
		{B9A2DEF9-25E0-4DAC-8A15-9D72B151D2B6}.Debug|ARM64.Deploy.0 = Debug|ARM64
		{B9A2DEF9-25E0-4DAC-8A15-9D72B151D2B6}.Debug|x64.ActiveCfg = Debug|x64
		{B9A2DEF9-25E0-4DAC-8A15-9D72B151D2B6}.Debug|x64.Build.0 = Debug|x64
		{B9A2DEF9-25E0-4DAC-8A15-9D72B151D2B6}.Debug|x64.Deploy.0 = Debug|x64
		{B9A2DEF9-25E0-4DAC-8A15-9D72B151D2B6}.Debug|x86.ActiveCfg = Debug|x86
		{B9A2DEF9-25E0-4DAC-8A15-9D72B151D2B6}.Debug|x86.Build.0 = Debug|x86
		{B9A2DEF9-25E0-4DAC-8A15-9D72B151D2B6}.Debug|x86.Deploy.0 = Debug|x86
		{B9A2DEF9-25E0-4DAC-8A15-9D72B151D2B6}.Release|Any CPU.ActiveCfg = Release|x64
		{B9A2DEF9-25E0-4DAC-8A15-9D72B151D2B6}.Release|Any CPU.Build.0 = Release|x64
		{B9A2DEF9-25E0-4DAC-8A15-9D72B151D2B6}.Release|Any CPU.Deploy.0 = Release|x64
		{B9A2DEF9-25E0-4DAC-8A15-9D72B151D2B6}.Release|ARM.ActiveCfg = Release|ARM
		{B9A2DEF9-25E0-4DAC-8A15-9D72B151D2B6}.Release|ARM.Build.0 = Release|ARM
		{B9A2DEF9-25E0-4DAC-8A15-9D72B151D2B6}.Release|ARM.Deploy.0 = Release|ARM
		{B9A2DEF9-25E0-4DAC-8A15-9D72B151D2B6}.Release|ARM64.ActiveCfg = Release|ARM64
		{B9A2DEF9-25E0-4DAC-8A15-9D72B151D2B6}.Release|ARM64.Build.0 = Release|ARM64
		{B9A2DEF9-25E0-4DAC-8A15-9D72B151D2B6}.Release|ARM64.Deploy.0 = Release|ARM64
		{B9A2DEF9-25E0-4DAC-8A15-9D72B151D2B6}.Release|x64.ActiveCfg = Release|x64
		{B9A2DEF9-25E0-4DAC-8A15-9D72B151D2B6}.Release|x64.Build.0 = Release|x64
		{B9A2DEF9-25E0-4DAC-8A15-9D72B151D2B6}.Release|x64.Deploy.0 = Release|x64
		{B9A2DEF9-25E0-4DAC-8A15-9D72B151D2B6}.Release|x86.ActiveCfg = Release|x86
		{B9A2DEF9-25E0-4DAC-8A15-9D72B151D2B6}.Release|x86.Build.0 = Release|x86
		{B9A2DEF9-25E0-4DAC-8A15-9D72B151D2B6}.Release|x86.Deploy.0 = Release|x86
		{DA2325A3-A46D-40EF-B92F-E78B3B31CF39}.Debug|Any CPU.ActiveCfg = Debug|Any CPU
		{DA2325A3-A46D-40EF-B92F-E78B3B31CF39}.Debug|Any CPU.Build.0 = Debug|Any CPU
		{DA2325A3-A46D-40EF-B92F-E78B3B31CF39}.Debug|Any CPU.Deploy.0 = Debug|Any CPU
		{DA2325A3-A46D-40EF-B92F-E78B3B31CF39}.Debug|ARM.ActiveCfg = Debug|Any CPU
		{DA2325A3-A46D-40EF-B92F-E78B3B31CF39}.Debug|ARM.Build.0 = Debug|Any CPU
		{DA2325A3-A46D-40EF-B92F-E78B3B31CF39}.Debug|ARM.Deploy.0 = Debug|Any CPU
		{DA2325A3-A46D-40EF-B92F-E78B3B31CF39}.Debug|ARM64.ActiveCfg = Debug|Any CPU
		{DA2325A3-A46D-40EF-B92F-E78B3B31CF39}.Debug|ARM64.Build.0 = Debug|Any CPU
		{DA2325A3-A46D-40EF-B92F-E78B3B31CF39}.Debug|ARM64.Deploy.0 = Debug|Any CPU
		{DA2325A3-A46D-40EF-B92F-E78B3B31CF39}.Debug|x64.ActiveCfg = Debug|Any CPU
		{DA2325A3-A46D-40EF-B92F-E78B3B31CF39}.Debug|x64.Build.0 = Debug|Any CPU
		{DA2325A3-A46D-40EF-B92F-E78B3B31CF39}.Debug|x64.Deploy.0 = Debug|Any CPU
		{DA2325A3-A46D-40EF-B92F-E78B3B31CF39}.Debug|x86.ActiveCfg = Debug|Any CPU
		{DA2325A3-A46D-40EF-B92F-E78B3B31CF39}.Debug|x86.Build.0 = Debug|Any CPU
		{DA2325A3-A46D-40EF-B92F-E78B3B31CF39}.Debug|x86.Deploy.0 = Debug|Any CPU
		{DA2325A3-A46D-40EF-B92F-E78B3B31CF39}.Release|Any CPU.ActiveCfg = Release|Any CPU
		{DA2325A3-A46D-40EF-B92F-E78B3B31CF39}.Release|Any CPU.Build.0 = Release|Any CPU
		{DA2325A3-A46D-40EF-B92F-E78B3B31CF39}.Release|Any CPU.Deploy.0 = Release|Any CPU
		{DA2325A3-A46D-40EF-B92F-E78B3B31CF39}.Release|ARM.ActiveCfg = Release|Any CPU
		{DA2325A3-A46D-40EF-B92F-E78B3B31CF39}.Release|ARM.Build.0 = Release|Any CPU
		{DA2325A3-A46D-40EF-B92F-E78B3B31CF39}.Release|ARM.Deploy.0 = Release|Any CPU
		{DA2325A3-A46D-40EF-B92F-E78B3B31CF39}.Release|ARM64.ActiveCfg = Release|Any CPU
		{DA2325A3-A46D-40EF-B92F-E78B3B31CF39}.Release|ARM64.Build.0 = Release|Any CPU
		{DA2325A3-A46D-40EF-B92F-E78B3B31CF39}.Release|ARM64.Deploy.0 = Release|Any CPU
		{DA2325A3-A46D-40EF-B92F-E78B3B31CF39}.Release|x64.ActiveCfg = Release|Any CPU
		{DA2325A3-A46D-40EF-B92F-E78B3B31CF39}.Release|x64.Build.0 = Release|Any CPU
		{DA2325A3-A46D-40EF-B92F-E78B3B31CF39}.Release|x64.Deploy.0 = Release|Any CPU
		{DA2325A3-A46D-40EF-B92F-E78B3B31CF39}.Release|x86.ActiveCfg = Release|Any CPU
		{DA2325A3-A46D-40EF-B92F-E78B3B31CF39}.Release|x86.Build.0 = Release|Any CPU
		{DA2325A3-A46D-40EF-B92F-E78B3B31CF39}.Release|x86.Deploy.0 = Release|Any CPU
	EndGlobalSection
	GlobalSection(SolutionProperties) = preSolution
		HideSolutionNode = FALSE
	EndGlobalSection
	GlobalSection(ExtensibilityGlobals) = postSolution
		SolutionGuid = {BDEA87E1-8DB9-41D2-BDE0-5401E98B7036}
	EndGlobalSection
EndGlobal
